
Microsoft Visual Studio Solution File, Format Version 12.00
# Visual Studio 15
VisualStudioVersion = 15.0.26730.16
MinimumVisualStudioVersion = 10.0.40219.1
Project("{FAE04EC0-301F-11D3-BF4B-00C04F79EFBC}") = "TaikoTextForm", "TaikoTextForm\TaikoTextForm.csproj", "{554E80D8-5CAD-4607-B330-F042C5E37B39}"
EndProject
Project("{FAE04EC0-301F-11D3-BF4B-00C04F79EFBC}") = "Taiko3DS3", "Taiko3DS3\Taiko3DS3.csproj", "{38948E61-38DE-42E7-935C-3A604235EF51}"
EndProject
Project("{FAE04EC0-301F-11D3-BF4B-00C04F79EFBC}") = "HexViewer", "HexViewer\HexViewer.csproj", "{D1D3F1C1-63A2-44A3-847C-799BB4377B12}"
EndProject
Global
	GlobalSection(SolutionConfigurationPlatforms) = preSolution
		Debug|Any CPU = Debug|Any CPU
		Release|Any CPU = Release|Any CPU
	EndGlobalSection
	GlobalSection(ProjectConfigurationPlatforms) = postSolution
		{554E80D8-5CAD-4607-B330-F042C5E37B39}.Debug|Any CPU.ActiveCfg = Debug|Any CPU
		{554E80D8-5CAD-4607-B330-F042C5E37B39}.Debug|Any CPU.Build.0 = Debug|Any CPU
		{554E80D8-5CAD-4607-B330-F042C5E37B39}.Release|Any CPU.ActiveCfg = Release|Any CPU
		{554E80D8-5CAD-4607-B330-F042C5E37B39}.Release|Any CPU.Build.0 = Release|Any CPU
		{38948E61-38DE-42E7-935C-3A604235EF51}.Debug|Any CPU.ActiveCfg = Debug|Any CPU
		{38948E61-38DE-42E7-935C-3A604235EF51}.Debug|Any CPU.Build.0 = Debug|Any CPU
		{38948E61-38DE-42E7-935C-3A604235EF51}.Release|Any CPU.ActiveCfg = Release|Any CPU
		{38948E61-38DE-42E7-935C-3A604235EF51}.Release|Any CPU.Build.0 = Release|Any CPU
		{D1D3F1C1-63A2-44A3-847C-799BB4377B12}.Debug|Any CPU.ActiveCfg = Debug|Any CPU
		{D1D3F1C1-63A2-44A3-847C-799BB4377B12}.Debug|Any CPU.Build.0 = Debug|Any CPU
		{D1D3F1C1-63A2-44A3-847C-799BB4377B12}.Release|Any CPU.ActiveCfg = Release|Any CPU
		{D1D3F1C1-63A2-44A3-847C-799BB4377B12}.Release|Any CPU.Build.0 = Release|Any CPU
	EndGlobalSection
	GlobalSection(SolutionProperties) = preSolution
		HideSolutionNode = FALSE
	EndGlobalSection
	GlobalSection(ExtensibilityGlobals) = postSolution
		SolutionGuid = {081EABA5-4C64-4A79-AF25-11387ACE7C12}
	EndGlobalSection
EndGlobal
