
Microsoft Visual Studio Solution File, Format Version 12.00
# Visual Studio Version 16
VisualStudioVersion = 16.0.30804.86
MinimumVisualStudioVersion = 10.0.40219.1
Project("{9A19103F-16F7-4668-BE54-9A1E7A4F7556}") = "CharaNameConverter3DS", "CharaNameConverter3DS\CharaNameConverter3DS.csproj", "{4A17E4C8-0724-473B-8F1E-76D7177577F2}"
EndProject
Project("{9A19103F-16F7-4668-BE54-9A1E7A4F7556}") = "ControllerTesterExcel", "ControllerTesterExcel\ControllerTesterExcel.csproj", "{761F5C36-D08B-49B2-8501-1FAB1F9A17BC}"
EndProject
Project("{9A19103F-16F7-4668-BE54-9A1E7A4F7556}") = "TaikoData", "TaikoData\TaikoData.csproj", "{586AA29F-695E-470C-ABA1-07FA6D130780}"
EndProject
Project("{9A19103F-16F7-4668-BE54-9A1E7A4F7556}") = "SystemDataExportNS", "SystemDataExportNS\SystemDataExportNS.csproj", "{9D591ED7-D81C-4918-BD5B-7A8DCC1EAF0F}"
EndProject
Project("{2150E333-8FDC-42A3-9474-1A3956D46DE8}") = "3DS", "3DS", "{6B7403D4-0025-482A-B304-3D2A53C59B2E}"
EndProject
Project("{2150E333-8FDC-42A3-9474-1A3956D46DE8}") = "NS", "NS", "{87842E90-4A1B-4931-BB47-C7B9CBBF53D9}"
EndProject
Project("{9A19103F-16F7-4668-BE54-9A1E7A4F7556}") = "ConsoleProgressBar", "ConsoleProgressBar\ConsoleProgressBar.csproj", "{415E2DA5-0301-43B4-B394-75E3715E0342}"
EndProject
Project("{2150E333-8FDC-42A3-9474-1A3956D46DE8}") = "TooKits", "TooKits", "{74F1B314-4F05-434F-8FF1-20B3C644DDB0}"
EndProject
Project("{9A19103F-16F7-4668-BE54-9A1E7A4F7556}") = "SystemTextConverter3DS", "SystemTextConverter3DS\SystemTextConverter3DS.csproj", "{9BD81BE1-8683-4505-9C92-FB0F0B1EF367}"
EndProject
Project("{9A19103F-16F7-4668-BE54-9A1E7A4F7556}") = "StoryTextConverter3DS", "StoryTextConverter3DS\StoryTextConverter3DS.csproj", "{52C6CB17-6E17-4356-824C-DA45D2DB496F}"
EndProject
Project("{9A19103F-16F7-4668-BE54-9A1E7A4F7556}") = "Transcriber", "Transcriber\Transcriber.csproj", "{C207C1BF-6C86-4391-81D1-56628879E033}"
EndProject
Project("{9A19103F-16F7-4668-BE54-9A1E7A4F7556}") = "Cleaner", "Cleaner\Cleaner.csproj", "{C9D2E064-670E-4530-BB01-07F1190F1B4C}"
EndProject
Project("{FAE04EC0-301F-11D3-BF4B-00C04F79EFBC}") = "Cleaner.Win", "Cleaner.Win\Cleaner.Win.csproj", "{996EB274-4E89-425C-B19C-4C609EB71059}"
EndProject
Project("{FAE04EC0-301F-11D3-BF4B-00C04F79EFBC}") = "Msg3DSFinder", "Msg3DSFinder\Msg3DSFinder.csproj", "{63254A44-7CDF-495B-B154-BFC375CDEB12}"
EndProject
Project("{2150E333-8FDC-42A3-9474-1A3956D46DE8}") = "ClassLibrary", "ClassLibrary", "{ECF4B5FD-65CD-4E55-9B48-BC3DEFD3E387}"
EndProject
Global
	GlobalSection(SolutionConfigurationPlatforms) = preSolution
		Debug|Any CPU = Debug|Any CPU
		Release|Any CPU = Release|Any CPU
	EndGlobalSection
	GlobalSection(ProjectConfigurationPlatforms) = postSolution
		{4A17E4C8-0724-473B-8F1E-76D7177577F2}.Debug|Any CPU.ActiveCfg = Debug|Any CPU
		{4A17E4C8-0724-473B-8F1E-76D7177577F2}.Debug|Any CPU.Build.0 = Debug|Any CPU
		{4A17E4C8-0724-473B-8F1E-76D7177577F2}.Release|Any CPU.ActiveCfg = Release|Any CPU
		{4A17E4C8-0724-473B-8F1E-76D7177577F2}.Release|Any CPU.Build.0 = Release|Any CPU
		{761F5C36-D08B-49B2-8501-1FAB1F9A17BC}.Debug|Any CPU.ActiveCfg = Debug|Any CPU
		{761F5C36-D08B-49B2-8501-1FAB1F9A17BC}.Debug|Any CPU.Build.0 = Debug|Any CPU
		{761F5C36-D08B-49B2-8501-1FAB1F9A17BC}.Release|Any CPU.ActiveCfg = Release|Any CPU
		{761F5C36-D08B-49B2-8501-1FAB1F9A17BC}.Release|Any CPU.Build.0 = Release|Any CPU
		{586AA29F-695E-470C-ABA1-07FA6D130780}.Debug|Any CPU.ActiveCfg = Debug|Any CPU
		{586AA29F-695E-470C-ABA1-07FA6D130780}.Debug|Any CPU.Build.0 = Debug|Any CPU
		{586AA29F-695E-470C-ABA1-07FA6D130780}.Release|Any CPU.ActiveCfg = Release|Any CPU
		{586AA29F-695E-470C-ABA1-07FA6D130780}.Release|Any CPU.Build.0 = Release|Any CPU
		{9D591ED7-D81C-4918-BD5B-7A8DCC1EAF0F}.Debug|Any CPU.ActiveCfg = Debug|Any CPU
		{9D591ED7-D81C-4918-BD5B-7A8DCC1EAF0F}.Debug|Any CPU.Build.0 = Debug|Any CPU
		{9D591ED7-D81C-4918-BD5B-7A8DCC1EAF0F}.Release|Any CPU.ActiveCfg = Release|Any CPU
		{9D591ED7-D81C-4918-BD5B-7A8DCC1EAF0F}.Release|Any CPU.Build.0 = Release|Any CPU
		{415E2DA5-0301-43B4-B394-75E3715E0342}.Debug|Any CPU.ActiveCfg = Debug|Any CPU
		{415E2DA5-0301-43B4-B394-75E3715E0342}.Debug|Any CPU.Build.0 = Debug|Any CPU
		{415E2DA5-0301-43B4-B394-75E3715E0342}.Release|Any CPU.ActiveCfg = Release|Any CPU
		{415E2DA5-0301-43B4-B394-75E3715E0342}.Release|Any CPU.Build.0 = Release|Any CPU
		{9BD81BE1-8683-4505-9C92-FB0F0B1EF367}.Debug|Any CPU.ActiveCfg = Debug|Any CPU
		{9BD81BE1-8683-4505-9C92-FB0F0B1EF367}.Debug|Any CPU.Build.0 = Debug|Any CPU
		{9BD81BE1-8683-4505-9C92-FB0F0B1EF367}.Release|Any CPU.ActiveCfg = Release|Any CPU
		{9BD81BE1-8683-4505-9C92-FB0F0B1EF367}.Release|Any CPU.Build.0 = Release|Any CPU
		{52C6CB17-6E17-4356-824C-DA45D2DB496F}.Debug|Any CPU.ActiveCfg = Debug|Any CPU
		{52C6CB17-6E17-4356-824C-DA45D2DB496F}.Debug|Any CPU.Build.0 = Debug|Any CPU
		{52C6CB17-6E17-4356-824C-DA45D2DB496F}.Release|Any CPU.ActiveCfg = Release|Any CPU
		{52C6CB17-6E17-4356-824C-DA45D2DB496F}.Release|Any CPU.Build.0 = Release|Any CPU
		{C207C1BF-6C86-4391-81D1-56628879E033}.Debug|Any CPU.ActiveCfg = Debug|Any CPU
		{C207C1BF-6C86-4391-81D1-56628879E033}.Debug|Any CPU.Build.0 = Debug|Any CPU
		{C207C1BF-6C86-4391-81D1-56628879E033}.Release|Any CPU.ActiveCfg = Release|Any CPU
		{C207C1BF-6C86-4391-81D1-56628879E033}.Release|Any CPU.Build.0 = Release|Any CPU
		{C9D2E064-670E-4530-BB01-07F1190F1B4C}.Debug|Any CPU.ActiveCfg = Debug|Any CPU
		{C9D2E064-670E-4530-BB01-07F1190F1B4C}.Debug|Any CPU.Build.0 = Debug|Any CPU
		{C9D2E064-670E-4530-BB01-07F1190F1B4C}.Release|Any CPU.ActiveCfg = Release|Any CPU
		{C9D2E064-670E-4530-BB01-07F1190F1B4C}.Release|Any CPU.Build.0 = Release|Any CPU
		{996EB274-4E89-425C-B19C-4C609EB71059}.Debug|Any CPU.ActiveCfg = Debug|Any CPU
		{996EB274-4E89-425C-B19C-4C609EB71059}.Debug|Any CPU.Build.0 = Debug|Any CPU
		{996EB274-4E89-425C-B19C-4C609EB71059}.Release|Any CPU.ActiveCfg = Release|Any CPU
		{996EB274-4E89-425C-B19C-4C609EB71059}.Release|Any CPU.Build.0 = Release|Any CPU
		{63254A44-7CDF-495B-B154-BFC375CDEB12}.Debug|Any CPU.ActiveCfg = Debug|Any CPU
		{63254A44-7CDF-495B-B154-BFC375CDEB12}.Debug|Any CPU.Build.0 = Debug|Any CPU
		{63254A44-7CDF-495B-B154-BFC375CDEB12}.Release|Any CPU.ActiveCfg = Release|Any CPU
		{63254A44-7CDF-495B-B154-BFC375CDEB12}.Release|Any CPU.Build.0 = Release|Any CPU
	EndGlobalSection
	GlobalSection(SolutionProperties) = preSolution
		HideSolutionNode = FALSE
	EndGlobalSection
	GlobalSection(NestedProjects) = preSolution
		{4A17E4C8-0724-473B-8F1E-76D7177577F2} = {6B7403D4-0025-482A-B304-3D2A53C59B2E}
		{761F5C36-D08B-49B2-8501-1FAB1F9A17BC} = {74F1B314-4F05-434F-8FF1-20B3C644DDB0}
		{586AA29F-695E-470C-ABA1-07FA6D130780} = {ECF4B5FD-65CD-4E55-9B48-BC3DEFD3E387}
		{9D591ED7-D81C-4918-BD5B-7A8DCC1EAF0F} = {87842E90-4A1B-4931-BB47-C7B9CBBF53D9}
		{415E2DA5-0301-43B4-B394-75E3715E0342} = {ECF4B5FD-65CD-4E55-9B48-BC3DEFD3E387}
		{9BD81BE1-8683-4505-9C92-FB0F0B1EF367} = {6B7403D4-0025-482A-B304-3D2A53C59B2E}
		{52C6CB17-6E17-4356-824C-DA45D2DB496F} = {6B7403D4-0025-482A-B304-3D2A53C59B2E}
		{C207C1BF-6C86-4391-81D1-56628879E033} = {74F1B314-4F05-434F-8FF1-20B3C644DDB0}
		{C9D2E064-670E-4530-BB01-07F1190F1B4C} = {74F1B314-4F05-434F-8FF1-20B3C644DDB0}
		{996EB274-4E89-425C-B19C-4C609EB71059} = {74F1B314-4F05-434F-8FF1-20B3C644DDB0}
		{63254A44-7CDF-495B-B154-BFC375CDEB12} = {74F1B314-4F05-434F-8FF1-20B3C644DDB0}
	EndGlobalSection
	GlobalSection(ExtensibilityGlobals) = postSolution
		SolutionGuid = {30E7E949-0134-486E-9146-2999B877A978}
	EndGlobalSection
EndGlobal
